
Microsoft Visual Studio Solution File, Format Version 12.00
# Visual Studio Version 16
VisualStudioVersion = 16.0.30011.22
MinimumVisualStudioVersion = 10.0.40219.1
Project("{8BC9CEB8-8B4A-11D0-8D11-00A0C91BC942}") = "LuaZlib", "LuaZlib\LuaZlib.vcxproj", "{4180E3AE-3920-4DB6-91B3-040128F8C7FC}"
EndProject
Global
	GlobalSection(SolutionConfigurationPlatforms) = preSolution
		Debug|x64 = Debug|x64
		Debug|x86 = Debug|x86
		Release|x64 = Release|x64
		Release|x86 = Release|x86
	EndGlobalSection
	GlobalSection(ProjectConfigurationPlatforms) = postSolution
		{4180E3AE-3920-4DB6-91B3-040128F8C7FC}.Debug|x64.ActiveCfg = Debug|x64
		{4180E3AE-3920-4DB6-91B3-040128F8C7FC}.Debug|x64.Build.0 = Debug|x64
		{4180E3AE-3920-4DB6-91B3-040128F8C7FC}.Debug|x86.ActiveCfg = Debug|Win32
		{4180E3AE-3920-4DB6-91B3-040128F8C7FC}.Debug|x86.Build.0 = Debug|Win32
		{4180E3AE-3920-4DB6-91B3-040128F8C7FC}.Release|x64.ActiveCfg = Release|x64
		{4180E3AE-3920-4DB6-91B3-040128F8C7FC}.Release|x64.Build.0 = Release|x64
		{4180E3AE-3920-4DB6-91B3-040128F8C7FC}.Release|x86.ActiveCfg = Release|Win32
		{4180E3AE-3920-4DB6-91B3-040128F8C7FC}.Release|x86.Build.0 = Release|Win32
	EndGlobalSection
	GlobalSection(SolutionProperties) = preSolution
		HideSolutionNode = FALSE
	EndGlobalSection
	GlobalSection(ExtensibilityGlobals) = postSolution
		SolutionGuid = {601EBC48-7A81-422A-92D0-F6522AF58968}
	EndGlobalSection
EndGlobal
